{
  "requires": true,
  "lockfileVersion": 1,
  "dependencies": {
    "types-registry": {
      "version": "0.1.696",
      "resolved": "https://registry.npmjs.org/types-registry/-/types-registry-0.1.696.tgz",
      "integrity": "sha512-q8Kz0mvJp8NtdUPxX/y1HAmKhwwnJPpicB7U47UWFtZ0z9q87DmYJYhTOhYPo2KGBmq7opcCSEHfx+ljBAbVtw=="
    }
  }
}
